{
  "originHash" : "706dbd9d1cf06cb1f45954cf45a026fb0e9beef6ccd4160b9557d6c9bc537e11",
  "pins" : [
    {
      "identity" : "swift-numberkit",
      "kind" : "remoteSourceControl",
      "location" : "https://github.com/objecthub/swift-numberkit.git",
      "state" : {
        "revision" : "33af3f9011e45dcd8ee696492d30dbcd5a8a67f3",
        "version" : "2.6.0"
      }
    }
  ],
  "version" : 3
}
